
Microsoft Visual Studio Solution File, Format Version 12.00
# Visual Studio Version 16
VisualStudioVersion = 16.0.29728.190
MinimumVisualStudioVersion = 10.0.40219.1
Project("{9A19103F-16F7-4668-BE54-9A1E7A4F7556}") = "Diplom.WebApi", "Diplom.WebApi\Diplom.WebApi.csproj", "{D5BA2F3C-6C10-444E-993F-79BE0EEA2051}"
EndProject
Project("{9A19103F-16F7-4668-BE54-9A1E7A4F7556}") = "Diplom.Domain", "Diplom.Domain\Diplom.Domain.csproj", "{E582DE63-9680-4C16-9A0F-C601CBA2F8D0}"
EndProject
Project("{9A19103F-16F7-4668-BE54-9A1E7A4F7556}") = "Diplom.Infrastructure", "Diplom.Infrastructure\Diplom.Infrastructure.csproj", "{1166E62D-8EDC-4736-8B3D-AE1BF534A6B1}"
EndProject
Project("{FAE04EC0-301F-11D3-BF4B-00C04F79EFBC}") = "Diplom.Application", "Diplom.Application\Diplom.Application.csproj", "{F7279687-1335-4BA2-99A9-D0200CF7BE05}"
EndProject
Global
	GlobalSection(SolutionConfigurationPlatforms) = preSolution
		Debug|Any CPU = Debug|Any CPU
		Release|Any CPU = Release|Any CPU
	EndGlobalSection
	GlobalSection(ProjectConfigurationPlatforms) = postSolution
		{D5BA2F3C-6C10-444E-993F-79BE0EEA2051}.Debug|Any CPU.ActiveCfg = Debug|Any CPU
		{D5BA2F3C-6C10-444E-993F-79BE0EEA2051}.Debug|Any CPU.Build.0 = Debug|Any CPU
		{D5BA2F3C-6C10-444E-993F-79BE0EEA2051}.Release|Any CPU.ActiveCfg = Release|Any CPU
		{D5BA2F3C-6C10-444E-993F-79BE0EEA2051}.Release|Any CPU.Build.0 = Release|Any CPU
		{E582DE63-9680-4C16-9A0F-C601CBA2F8D0}.Debug|Any CPU.ActiveCfg = Debug|Any CPU
		{E582DE63-9680-4C16-9A0F-C601CBA2F8D0}.Debug|Any CPU.Build.0 = Debug|Any CPU
		{E582DE63-9680-4C16-9A0F-C601CBA2F8D0}.Release|Any CPU.ActiveCfg = Release|Any CPU
		{E582DE63-9680-4C16-9A0F-C601CBA2F8D0}.Release|Any CPU.Build.0 = Release|Any CPU
		{1166E62D-8EDC-4736-8B3D-AE1BF534A6B1}.Debug|Any CPU.ActiveCfg = Debug|Any CPU
		{1166E62D-8EDC-4736-8B3D-AE1BF534A6B1}.Debug|Any CPU.Build.0 = Debug|Any CPU
		{1166E62D-8EDC-4736-8B3D-AE1BF534A6B1}.Release|Any CPU.ActiveCfg = Release|Any CPU
		{1166E62D-8EDC-4736-8B3D-AE1BF534A6B1}.Release|Any CPU.Build.0 = Release|Any CPU
		{F7279687-1335-4BA2-99A9-D0200CF7BE05}.Debug|Any CPU.ActiveCfg = Debug|Any CPU
		{F7279687-1335-4BA2-99A9-D0200CF7BE05}.Debug|Any CPU.Build.0 = Debug|Any CPU
		{F7279687-1335-4BA2-99A9-D0200CF7BE05}.Release|Any CPU.ActiveCfg = Release|Any CPU
		{F7279687-1335-4BA2-99A9-D0200CF7BE05}.Release|Any CPU.Build.0 = Release|Any CPU
	EndGlobalSection
	GlobalSection(SolutionProperties) = preSolution
		HideSolutionNode = FALSE
	EndGlobalSection
	GlobalSection(ExtensibilityGlobals) = postSolution
		SolutionGuid = {301E970D-6613-4271-A381-58FE5D80243D}
	EndGlobalSection
EndGlobal
